
Microsoft Visual Studio Solution File, Format Version 12.00
Project("{FAE04EC0-301F-11D3-BF4B-00C04F79EFBC}") = "Main", "Main\Main.csproj", "{59D9512A-FF47-47F7-8C08-E488F96CDACC}"
EndProject
Global
	GlobalSection(SolutionConfigurationPlatforms) = preSolution
		Debug|Any CPU = Debug|Any CPU
		Release|Any CPU = Release|Any CPU
	EndGlobalSection
	GlobalSection(ProjectConfigurationPlatforms) = postSolution
		{59D9512A-FF47-47F7-8C08-E488F96CDACC}.Debug|Any CPU.ActiveCfg = Debug|Any CPU
		{59D9512A-FF47-47F7-8C08-E488F96CDACC}.Debug|Any CPU.Build.0 = Debug|Any CPU
		{59D9512A-FF47-47F7-8C08-E488F96CDACC}.Release|Any CPU.ActiveCfg = Release|Any CPU
		{59D9512A-FF47-47F7-8C08-E488F96CDACC}.Release|Any CPU.Build.0 = Release|Any CPU
	EndGlobalSection
EndGlobal
